dependencies:
- name: minio
  repository: https://charts.min.io/
  version: 4.0.15
- name: dex
  repository: https://charts.dexidp.io
  version: 0.6.3
- name: gloo
  repository: https://storage.googleapis.com/solo-public-helm
  version: 1.9.1
digest: sha256:f067123a317d4ce34178ec9fa9a37931e7b61c008c76cc6cb564101122270415
generated: "2023-01-26T10:25:26.61783004+08:00"
